lockfileVersion: '6.0'

settings:
  autoInstallPeers: true
  excludeLinksFromLockfile: false

importers:

  .:
    devDependencies:
      turbo:
        specifier: ^2.2.4-canary.7
        version: 2.2.4-canary.7

  apps/app-a:
    dependencies:
      pkg-a:
        specifier: workspace:*
        version: link:../../packages/pkg-a
      tooling-config:
        specifier: workspace:*
        version: link:../../packages/tooling-config

  apps/app-b:
    dependencies:
      tooling-config:
        specifier: workspace:*
        version: link:../../packages/tooling-config

  packages/pkg-a:
    dependencies:
      tooling-config:
        specifier: workspace:*
        version: link:../tooling-config

  packages/pkg-b:
    dependencies:
      tooling-config:
        specifier: workspace:*
        version: link:../tooling-config

  packages/tooling-config: {}

packages:

  /turbo-darwin-64@2.2.4-canary.7:
    resolution: {integrity: sha512-R8Gyn6mqkD1UvkwesIEfEYg2IsWcIUAo4pkKEdc6fnWt6uNupt3Tgwnmv6rHMGWaiyLm8IrZ718BxECshLgFnA==}
    cpu: [x64]
    os: [darwin]
    requiresBuild: true
    dev: true
    optional: true

  /turbo-darwin-arm64@2.2.4-canary.7:
    resolution: {integrity: sha512-+rUrjX+XSPAFkKNmR3zbaom1bnhab8KSCsIsuo+w92NdE4l7IqilkkSLYzBnL+wUaQAkJA0jcSR/xb7Z87903w==}
    cpu: [arm64]
    os: [darwin]
    requiresBuild: true
    dev: true
    optional: true

  /turbo-linux-64@2.2.4-canary.7:
    resolution: {integrity: sha512-Fm/0Zmrs7dmtRLa34zmZta+Gbia+RyUjFZrFXE6THA9bw2dGWCRq0oWY0EleTRsa/1mMI70tszHWQTzQUiTI0w==}
    cpu: [x64]
    os: [linux]
    requiresBuild: true
    dev: true
    optional: true

  /turbo-linux-arm64@2.2.4-canary.7:
    resolution: {integrity: sha512-FCugGZcLGIavBpWmHXBb2XPBBzvEB1H4QWPjZf0oF2mn7HxgV+8rLuP7tkYIV+9iSCS2kqB9559Qx6vfLQCTYw==}
    cpu: [arm64]
    os: [linux]
    requiresBuild: true
    dev: true
    optional: true

  /turbo-windows-64@2.2.4-canary.7:
    resolution: {integrity: sha512-GK4dQB5OdCjHuEV1LiMOeWpWmSYVSKHWj7kyTYyM217gwOEcSr+tfbnXaMcncmt+HAoTyZa0E+Y4HneRXodMyQ==}
    cpu: [x64]
    os: [win32]
    requiresBuild: true
    dev: true
    optional: true

  /turbo-windows-arm64@2.2.4-canary.7:
    resolution: {integrity: sha512-BIjEorRTYXkMPAdJJ8r+vv1Z9ANEeAoRJ9SRt2dwHWTo8CnSXB2agJe9hOU2sCWzAE3gPaZTy4xYnOcLC828ug==}
    cpu: [arm64]
    os: [win32]
    requiresBuild: true
    dev: true
    optional: true

  /turbo@2.2.4-canary.7:
    resolution: {integrity: sha512-76CKakpVCRLfjlk8wiioii/Ndao8+Z/mE4Z2Z8M6AvAHXTEn4G3G89yK3TgimLbK/zh5MDwdhnGWyj2+8ZH47A==}
    hasBin: true
    optionalDependencies:
      turbo-darwin-64: 2.2.4-canary.7
      turbo-darwin-arm64: 2.2.4-canary.7
      turbo-linux-64: 2.2.4-canary.7
      turbo-linux-arm64: 2.2.4-canary.7
      turbo-windows-64: 2.2.4-canary.7
      turbo-windows-arm64: 2.2.4-canary.7
    dev: true
